{
  "version": 4,
  "terraform_version": "1.7.5",
  "serial": 129,
  "lineage": "631db064-36c9-1128-8437-91a685732b65",
  "outputs": {},
  "resources": [
    {
      "module": "module.infrastructure",
      "mode": "managed",
      "type": "aws_s3_bucket",
      "name": "backup",
      "provider": "provider[\"registry.terraform.io/hashicorp/aws\"]",
      "instances": [
        {
          "schema_version": 0,
          "attributes": {
            "acceleration_status": "",
            "acl": null,
            "arn": "arn:aws:s3:::snipeit-backup-20240405093852202700000001",
            "bucket": "snipeit-backup-20240405093852202700000001",
            "bucket_domain_name": "snipeit-backup-20240405093852202700000001.s3.amazonaws.com",
            "bucket_prefix": "snipeit-backup-",
            "bucket_regional_domain_name": "snipeit-backup-20240405093852202700000001.s3.eu-west-1.amazonaws.com",
            "cors_rule": [],
            "force_destroy": false,
            "grant": [
              {
                "id": "72930af29a0a93c1e758bc451b1c24a3fb0f35dcb3f256b4752d1806d226407f",
                "permissions": [
                  "FULL_CONTROL"
                ],
                "type": "CanonicalUser",
                "uri": ""
              }
            ],
            "hosted_zone_id": "Z1BKCTXD74EZPE",
            "id": "snipeit-backup-20240405093852202700000001",
            "lifecycle_rule": [],
            "logging": [],
            "object_lock_configuration": [],
            "object_lock_enabled": false,
            "policy": "",
            "region": "eu-west-1",
            "replication_configuration": [],
            "request_payer": "BucketOwner",
            "server_side_encryption_configuration": [
              {
                "rule": [
                  {
                    "apply_server_side_encryption_by_default": [
                      {
                        "kms_master_key_id": "",
                        "sse_algorithm": "AES256"
                      }
                    ],
                    "bucket_key_enabled": false
                  }
                ]
              }
            ],
            "tags": null,
            "tags_all": {
              "environment": "production",
              "project": "snipeit"
            },
            "timeouts": null,
            "versioning": [
              {
                "enabled": false,
                "mfa_delete": false
              }
            ],
            "website": [],
            "website_domain": null,
            "website_endpoint": null
          },
          "sensitive_attributes": [],
          "private": "eyJlMmJmYjczMC1lY2FhLTExZTYtOGY4OC0zNDM2M2JjN2M0YzAiOnsiY3JlYXRlIjoxMjAwMDAwMDAwMDAwLCJkZWxldGUiOjM2MDAwMDAwMDAwMDAsInJlYWQiOjEyMDAwMDAwMDAwMDAsInVwZGF0ZSI6MTIwMDAwMDAwMDAwMH19"
        }
      ]
    },
    {
      "module": "module.infrastructure",
      "mode": "managed",
      "type": "aws_s3_bucket_public_access_block",
      "name": "backup_access",
      "provider": "provider[\"registry.terraform.io/hashicorp/aws\"]",
      "instances": [
        {
          "schema_version": 0,
          "attributes": {
            "block_public_acls": true,
            "block_public_policy": true,
            "bucket": "snipeit-backup-20240405093852202700000001",
            "id": "snipeit-backup-20240405093852202700000001",
            "ignore_public_acls": true,
            "restrict_public_buckets": true
          },
          "sensitive_attributes": [],
          "private": "bnVsbA==",
          "dependencies": [
            "module.infrastructure.aws_s3_bucket.backup"
          ]
        }
      ]
    },
    {
      "module": "module.infrastructure",
      "mode": "managed",
      "type": "aws_s3_bucket_versioning",
      "name": "backup_versioning",
      "provider": "provider[\"registry.terraform.io/hashicorp/aws\"]",
      "instances": [
        {
          "schema_version": 0,
          "attributes": {
            "bucket": "snipeit-backup-20240405093852202700000001",
            "expected_bucket_owner": "",
            "id": "snipeit-backup-20240405093852202700000001",
            "mfa": null,
            "versioning_configuration": [
              {
                "mfa_delete": "",
                "status": "Enabled"
              }
            ]
          },
          "sensitive_attributes": [],
          "private": "bnVsbA==",
          "dependencies": [
            "module.infrastructure.aws_s3_bucket.backup"
          ]
        }
      ]
    },
    {
      "module": "module.snipeit",
      "mode": "data",
      "type": "aws_ami",
      "name": "latest",
      "provider": "provider[\"registry.terraform.io/hashicorp/aws\"]",
      "instances": [
        {
          "schema_version": 0,
          "attributes": {
            "architecture": "x86_64",
            "arn": "arn:aws:ec2:eu-west-1::image/ami-052e38eeff1111db1",
            "block_device_mappings": [
              {
                "device_name": "/dev/xvda",
                "ebs": {
                  "delete_on_termination": "true",
                  "encrypted": "false",
                  "iops": "0",
                  "snapshot_id": "snap-05325b319e2b44123",
                  "throughput": "0",
                  "volume_size": "8",
                  "volume_type": "gp2"
                },
                "no_device": "",
                "virtual_name": ""
              }
            ],
            "boot_mode": "",
            "creation_date": "2024-03-29T23:49:18.000Z",
            "deprecation_time": "2025-07-01T00:00:00.000Z",
            "description": "Amazon Linux 2 AMI 2.0.20240329.0 x86_64 HVM gp2",
            "ena_support": true,
            "executable_users": null,
            "filter": [
              {
                "name": "architecture",
                "values": [
                  "x86_64"
                ]
              },
              {
                "name": "name",
                "values": [
                  "amzn2-ami-hvm-*-x86_64-gp2"
                ]
              },
              {
                "name": "root-device-type",
                "values": [
                  "ebs"
                ]
              },
              {
                "name": "virtualization-type",
                "values": [
                  "hvm"
                ]
              }
            ],
            "hypervisor": "xen",
            "id": "ami-052e38eeff1111db1",
            "image_id": "ami-052e38eeff1111db1",
            "image_location": "amazon/amzn2-ami-hvm-2.0.20240329.0-x86_64-gp2",
            "image_owner_alias": "amazon",
            "image_type": "machine",
            "imds_support": "",
            "include_deprecated": false,
            "kernel_id": "",
            "most_recent": true,
            "name": "amzn2-ami-hvm-2.0.20240329.0-x86_64-gp2",
            "name_regex": null,
            "owner_id": "137112412989",
            "owners": [
              "amazon"
            ],
            "platform": "",
            "platform_details": "Linux/UNIX",
            "product_codes": [],
            "public": true,
            "ramdisk_id": "",
            "root_device_name": "/dev/xvda",
            "root_device_type": "ebs",
            "root_snapshot_id": "snap-05325b319e2b44123",
            "sriov_net_support": "simple",
            "state": "available",
            "state_reason": {
              "code": "UNSET",
              "message": "UNSET"
            },
            "tags": {},
            "timeouts": null,
            "tpm_support": "",
            "usage_operation": "RunInstances",
            "virtualization_type": "hvm"
          },
          "sensitive_attributes": []
        }
      ]
    },
    {
      "module": "module.snipeit",
      "mode": "data",
      "type": "aws_availability_zones",
      "name": "available",
      "provider": "provider[\"registry.terraform.io/hashicorp/aws\"]",
      "instances": [
        {
          "schema_version": 0,
          "attributes": {
            "all_availability_zones": null,
            "exclude_names": null,
            "exclude_zone_ids": null,
            "filter": null,
            "group_names": [
              "eu-west-1"
            ],
            "id": "eu-west-1",
            "names": [
              "eu-west-1a",
              "eu-west-1b",
              "eu-west-1c"
            ],
            "state": "available",
            "timeouts": null,
            "zone_ids": [
              "euw1-az2",
              "euw1-az3",
              "euw1-az1"
            ]
          },
          "sensitive_attributes": []
        }
      ]
    },
    {
      "module": "module.snipeit",
      "mode": "data",
      "type": "aws_iam_policy_document",
      "name": "assume_role_policy",
      "provider": "provider[\"registry.terraform.io/hashicorp/aws\"]",
      "instances": [
        {
          "schema_version": 0,
          "attributes": {
            "id": "2851119427",
            "json": "{\n  \"Version\": \"2012-10-17\",\n  \"Statement\": [\n    {\n      \"Effect\": \"Allow\",\n      \"Action\": \"sts:AssumeRole\",\n      \"Principal\": {\n        \"Service\": \"ec2.amazonaws.com\"\n      }\n    }\n  ]\n}",
            "override_json": null,
            "override_policy_documents": null,
            "policy_id": null,
            "source_json": null,
            "source_policy_documents": null,
            "statement": [
              {
                "actions": [
                  "sts:AssumeRole"
                ],
                "condition": [],
                "effect": "Allow",
                "not_actions": [],
                "not_principals": [],
                "not_resources": [],
                "principals": [
                  {
                    "identifiers": [
                      "ec2.amazonaws.com"
                    ],
                    "type": "Service"
                  }
                ],
                "resources": [],
                "sid": ""
              }
            ],
            "version": "2012-10-17"
          },
          "sensitive_attributes": []
        }
      ]
    },
    {
      "module": "module.snipeit",
      "mode": "data",
      "type": "aws_region",
      "name": "current",
      "provider": "provider[\"registry.terraform.io/hashicorp/aws\"]",
      "instances": [
        {
          "schema_version": 0,
          "attributes": {
            "description": "Europe (Ireland)",
            "endpoint": "ec2.eu-west-1.amazonaws.com",
            "id": "eu-west-1",
            "name": "eu-west-1"
          },
          "sensitive_attributes": []
        }
      ]
    },
    {
      "module": "module.snipeit",
      "mode": "data",
      "type": "aws_vpc",
      "name": "default",
      "provider": "provider[\"registry.terraform.io/hashicorp/aws\"]",
      "instances": [
        {
          "schema_version": 0,
          "attributes": {
            "arn": "arn:aws:ec2:eu-west-1:521664736249:vpc/vpc-0f64ca4bbe65607d2",
            "cidr_block": "172.31.0.0/16",
            "cidr_block_associations": [
              {
                "association_id": "vpc-cidr-assoc-07681e99017493473",
                "cidr_block": "172.31.0.0/16",
                "state": "associated"
              }
            ],
            "default": true,
            "dhcp_options_id": "dopt-02137c02bdf9a5381",
            "enable_dns_hostnames": true,
            "enable_dns_support": true,
            "enable_network_address_usage_metrics": false,
            "filter": null,
            "id": "vpc-0f64ca4bbe65607d2",
            "instance_tenancy": "default",
            "ipv6_association_id": "",
            "ipv6_cidr_block": "",
            "main_route_table_id": "rtb-0caa4c5e2210241e2",
            "owner_id": "521664736249",
            "state": null,
            "tags": {},
            "timeouts": null
          },
          "sensitive_attributes": []
        }
      ]
    },
    {
      "module": "module.snipeit",
      "mode": "managed",
      "type": "aws_autoscaling_group",
      "name": "snipeit",
      "provider": "provider[\"registry.terraform.io/hashicorp/aws\"]",
      "instances": [
        {
          "schema_version": 1,
          "attributes": {
            "arn": "arn:aws:autoscaling:eu-west-1:521664736249:autoScalingGroup:5cd4be97-3d93-4224-b216-c2619d8dd7a4:autoScalingGroupName/snipeit-20240405093854721800000005",
            "availability_zones": [
              "eu-west-1a",
              "eu-west-1b",
              "eu-west-1c"
            ],
            "capacity_rebalance": false,
            "context": "",
            "default_cooldown": 300,
            "default_instance_warmup": 0,
            "desired_capacity": 1,
            "desired_capacity_type": "",
            "enabled_metrics": null,
            "force_delete": false,
            "force_delete_warm_pool": false,
            "health_check_grace_period": 300,
            "health_check_type": "EC2",
            "id": "snipeit-20240405093854721800000005",
            "ignore_failed_scaling_activities": false,
            "initial_lifecycle_hook": [],
            "instance_maintenance_policy": [],
            "instance_refresh": [],
            "launch_configuration": "",
            "launch_template": [
              {
                "id": "lt-066b2bd76fa7c8332",
                "name": "snipeit-20240405093854450700000003",
                "version": "$Latest"
              }
            ],
            "load_balancers": [],
            "max_instance_lifetime": 0,
            "max_size": 1,
            "metrics_granularity": "1Minute",
            "min_elb_capacity": null,
            "min_size": 1,
            "mixed_instances_policy": [],
            "name": "snipeit-20240405093854721800000005",
            "name_prefix": "snipeit-",
            "placement_group": "",
            "predicted_capacity": 0,
            "protect_from_scale_in": false,
            "service_linked_role_arn": "arn:aws:iam::521664736249:role/aws-service-role/autoscaling.amazonaws.com/AWSServiceRoleForAutoScaling",
            "suspended_processes": null,
            "tag": [],
            "target_group_arns": [],
            "termination_policies": null,
            "timeouts": null,
            "traffic_source": [],
            "vpc_zone_identifier": [],
            "wait_for_capacity_timeout": "10m",
            "wait_for_elb_capacity": null,
            "warm_pool": [],
            "warm_pool_size": 0
          },
          "sensitive_attributes": [],
          "private": "eyJlMmJmYjczMC1lY2FhLTExZTYtOGY4OC0zNDM2M2JjN2M0YzAiOnsiZGVsZXRlIjo2MDAwMDAwMDAwMDAsInVwZGF0ZSI6NjAwMDAwMDAwMDAwfSwic2NoZW1hX3ZlcnNpb24iOiIxIn0=",
          "dependencies": [
            "module.infrastructure.aws_s3_bucket.backup",
            "module.snipeit.aws_iam_instance_profile.snipeit",
            "module.snipeit.aws_iam_role.snipeit_role",
            "module.snipeit.aws_key_pair.snipeit",
            "module.snipeit.aws_launch_template.snipeit",
            "module.snipeit.aws_security_group.snipeit",
            "module.snipeit.data.aws_ami.latest",
            "module.snipeit.data.aws_availability_zones.available",
            "module.snipeit.data.aws_iam_policy_document.assume_role_policy",
            "module.snipeit.data.aws_vpc.default"
          ]
        }
      ]
    },
    {
      "module": "module.snipeit",
      "mode": "managed",
      "type": "aws_iam_instance_profile",
      "name": "snipeit",
      "provider": "provider[\"registry.terraform.io/hashicorp/aws\"]",
      "instances": [
        {
          "schema_version": 0,
          "attributes": {
            "arn": "arn:aws:iam::521664736249:instance-profile/snipeit-instance-profile",
            "create_date": "2024-04-05T09:38:53Z",
            "id": "snipeit-instance-profile",
            "name": "snipeit-instance-profile",
            "name_prefix": "",
            "path": "/",
            "role": "snipeit-role",
            "tags": null,
            "tags_all": {
              "environment": "production",
              "project": "snipeit"
            },
            "unique_id": "AIPAXS5NEFP4YU3IQGBTT"
          },
          "sensitive_attributes": [],
          "private": "bnVsbA==",
          "dependencies": [
            "module.snipeit.aws_iam_role.snipeit_role",
            "module.snipeit.data.aws_iam_policy_document.assume_role_policy"
          ]
        }
      ]
    },
    {
      "module": "module.snipeit",
      "mode": "managed",
      "type": "aws_iam_role",
      "name": "snipeit_role",
      "provider": "provider[\"registry.terraform.io/hashicorp/aws\"]",
      "instances": [
        {
          "schema_version": 0,
          "attributes": {
            "arn": "arn:aws:iam::521664736249:role/snipeit-role",
            "assume_role_policy": "{\"Statement\":[{\"Action\":\"sts:AssumeRole\",\"Effect\":\"Allow\",\"Principal\":{\"Service\":\"ec2.amazonaws.com\"}}],\"Version\":\"2012-10-17\"}",
            "create_date": "2024-04-05T09:38:52Z",
            "description": "",
            "force_detach_policies": false,
            "id": "snipeit-role",
            "inline_policy": [],
            "managed_policy_arns": [],
            "max_session_duration": 3600,
            "name": "snipeit-role",
            "name_prefix": "",
            "path": "/",
            "permissions_boundary": "",
            "tags": null,
            "tags_all": {
              "environment": "production",
              "project": "snipeit"
            },
            "unique_id": "AROAXS5NEFP454GHX6D4E"
          },
          "sensitive_attributes": [],
          "private": "bnVsbA==",
          "dependencies": [
            "module.snipeit.data.aws_iam_policy_document.assume_role_policy"
          ]
        }
      ]
    },
    {
      "module": "module.snipeit",
      "mode": "managed",
      "type": "aws_iam_role_policy_attachment",
      "name": "snipeit_s3_policy_attachment",
      "provider": "provider[\"registry.terraform.io/hashicorp/aws\"]",
      "instances": [
        {
          "schema_version": 0,
          "attributes": {
            "id": "snipeit-role-20240405093853143100000002",
            "policy_arn": "arn:aws:iam::aws:policy/AmazonS3FullAccess",
            "role": "snipeit-role"
          },
          "sensitive_attributes": [],
          "private": "bnVsbA==",
          "dependencies": [
            "module.snipeit.aws_iam_role.snipeit_role",
            "module.snipeit.data.aws_iam_policy_document.assume_role_policy"
          ]
        }
      ]
    },
    {
      "module": "module.snipeit",
      "mode": "managed",
      "type": "aws_key_pair",
      "name": "snipeit",
      "provider": "provider[\"registry.terraform.io/hashicorp/aws\"]",
      "instances": [
        {
          "schema_version": 1,
          "attributes": {
            "arn": "arn:aws:ec2:eu-west-1:521664736249:key-pair/snipeit",
            "fingerprint": "Y8quMj2dNRGRyhh961pyIyUMEDVMFZn7tS1Zr3FpRqw=",
            "id": "snipeit",
            "key_name": "snipeit",
            "key_name_prefix": "",
            "key_pair_id": "key-073540570c4d3793f",
            "key_type": "ed25519",
            "public_key": "ssh-ed25519 AAAAC3NzaC1lZDI1NTE5AAAAIDLHEDqXP3MyXblV6QArqbypGudpnSJo0y1wdA9QwEcW god@zeus",
            "tags": null,
            "tags_all": {
              "environment": "production",
              "project": "snipeit"
            }
          },
          "sensitive_attributes": [],
          "private": "eyJzY2hlbWFfdmVyc2lvbiI6IjEifQ=="
        }
      ]
    },
    {
      "module": "module.snipeit",
      "mode": "managed",
      "type": "aws_launch_template",
      "name": "snipeit",
      "provider": "provider[\"registry.terraform.io/hashicorp/aws\"]",
      "instances": [
        {
          "schema_version": 0,
          "attributes": {
            "arn": "arn:aws:ec2:eu-west-1:521664736249:launch-template/lt-066b2bd76fa7c8332",
            "block_device_mappings": [
              {
                "device_name": "/dev/xvda",
                "ebs": [
                  {
                    "delete_on_termination": "true",
                    "encrypted": "",
                    "iops": 0,
                    "kms_key_id": "",
                    "snapshot_id": "",
                    "throughput": 0,
                    "volume_size": 30,
                    "volume_type": "gp2"
                  }
                ],
                "no_device": "",
                "virtual_name": ""
              }
            ],
            "capacity_reservation_specification": [],
            "cpu_options": [],
            "credit_specification": [],
            "default_version": 1,
            "description": "",
            "disable_api_stop": false,
            "disable_api_termination": false,
            "ebs_optimized": "",
            "elastic_gpu_specifications": [],
            "elastic_inference_accelerator": [],
            "enclave_options": [],
            "hibernation_options": [],
            "iam_instance_profile": [
              {
                "arn": "arn:aws:iam::521664736249:instance-profile/snipeit-instance-profile",
                "name": ""
              }
            ],
            "id": "lt-066b2bd76fa7c8332",
            "image_id": "ami-052e38eeff1111db1",
            "instance_initiated_shutdown_behavior": "",
            "instance_market_options": [],
            "instance_requirements": [],
            "instance_type": "t2.micro",
            "kernel_id": "",
            "key_name": "snipeit",
            "latest_version": 1,
            "license_specification": [],
            "maintenance_options": [],
            "metadata_options": [],
            "monitoring": [],
            "name": "snipeit-20240405093854450700000003",
            "name_prefix": "snipeit-",
            "network_interfaces": [],
            "placement": [],
            "private_dns_name_options": [],
            "ram_disk_id": "",
            "security_group_names": null,
            "tag_specifications": [],
            "tags": null,
            "tags_all": {
              "environment": "production",
              "project": "snipeit"
            },
            "update_default_version": null,
            "user_data": "IyEvYmluL2Jhc2gKIyEvdXNyL2Jpbi9lbnYgYmFzaAojIFRoaXMgc2NyaXB0IGluc3RhbGxzIFNuaXBlLUlUIG9uIGEgQW1hem9uIExpbnV4IDIgaW5zdGFuY2UKCiMgRW5hYmxlIGxvZ2dpbmcgYW5kIHJlZGlyZWN0IHVzZXItZGF0YSBvdXB0dXQgdG8gL3Zhci9sb2cvdXNlci1kYXRhLmxvZwpleGVjID4gPih0ZWUgL3Zhci9sb2cvdXNlci1kYXRhLmxvZ3xsb2dnZXIgLXQgdXNlci1kYXRhIC1zIDI+L2Rldi9jb25zb2xlKSAyPiYxCgojIFJ1biBldmVyeXRoaW5nIGFzIHJvb3QKc3VkbyBzdSAtCgojIFZhcmlhYmxlcwpTTklQRUlUX0RJUj0vb3B0L3NuaXBlaXQKU05JUEVJVF9TUkNfRElSPSRTTklQRUlUX0RJUi9zcmMKRU5WX0ZJTEVQQVRIPSRTTklQRUlUX1NSQ19ESVIvLmVudgpTM19CVUNLRVRfTkFNRT1zbmlwZWl0LWJhY2t1cC0yMDI0MDQwNTA5Mzg1MjIwMjcwMDAwMDAwMQpFTlZfRklMRVBBVEhfUkVNT1RFPXMzOi8vJFMzX0JVQ0tFVF9OQU1FLy5lbnYKCiMgVXBkYXRlIHRoZSBzeXN0ZW0KeXVtIHVwZGF0ZSAteQoKIyBJbnN0YWxsIHJlcXVpcmVkIGRlcGVuZGVuY2llcwp5dW0gaW5zdGFsbCAteSB5dW0tdXRpbHMKCiMgSW5zdGFsbCBEb2NrZXIKeXVtIGluc3RhbGwgLXkgZG9ja2VyCgojIFN0YXJ0IGFuZCBlbmFibGUgRG9ja2VyCnN5c3RlbWN0bCBzdGFydCBkb2NrZXIKc3lzdGVtY3RsIGVuYWJsZSBkb2NrZXIKCiMgSW5zdGFsbCBhIGxvd2VyIHZlcnNpb24gb2YgdXJsbGliMyBhcyB0aGUgbGF0ZXN0IHZlcnNpb24gaXMgbm90IGNvbXBhdGlibGUgd2l0aCBvcGVuc3NsIDEuMApwaXAzIHVuaW5zdGFsbCAteSB1cmxsaWIzCnBpcDMgaW5zdGFsbCAndXJsbGliMzwyLjAnCgojIEluc3RhbGwgRG9ja2VyIENvbXBvc2UKcGlwMyBpbnN0YWxsIGRvY2tlci1jb21wb3NlCgojIEFkZCB0aGUgY3VycmVudCB1c2VyIHRvIHRoZSBkb2NrZXIgZ3JvdXAgYW5kIGNoYW5nZSB0aGUgcGVybWlzc2lvbnMgb2YgdGhlIGRvY2tlciBzb2NrZXQKIyB0byBhbGxvdyB0aGUgY3VycmVudCB1c2VyIHRvIHJ1biBkb2NrZXIgY29tbWFuZHMKdXNlcm1vZCAtYUcgZG9ja2VyICIkVVNFUiIKY2htb2QgNjY2IC92YXIvcnVuL2RvY2tlci5zb2NrCgojIEluc3RhbGwgR2l0Cnl1bSBpbnN0YWxsIC15IGdpdAoKIyBDbG9uZSB0aGUgU25pcGUtSVQgcmVwb3NpdG9yeQpnaXQgY2xvbmUgLS1kZXB0aCAxIGh0dHBzOi8vZ2l0aHViLmNvbS9zYWV0YS1hc29jL3NuaXBlLWl0LmdpdCAkU05JUEVJVF9ESVIKCiMgRG93bmxvYWQgdGhlIC5lbnYgZmlsZQphd3MgczMgY3AgJEVOVl9GSUxFUEFUSF9SRU1PVEUgJEVOVl9GSUxFUEFUSAplY2hvICJTM19CVUNLRVRfTkFNRT0kUzNfQlVDS0VUX05BTUUiIHwgdGVlIC1hICRFTlZfRklMRVBBVEgKCiMgQ3JvbiBqb2IgdG8gYmFja3VwIHRoZSBkYXRhYmFzZS4gTWFrZSBzdXJlIHRvIHJ1biBhcyBzdWRvCmVjaG8gIjAgNSAqICogKiBtYWtlIC1DICRTTklQRUlUX1NSQ19ESVIgYmFja3VwIiB8IGNyb250YWIgLQoKIyBSdW4gdGhlIHByb2plY3QKbWFrZSAtQyAkU05JUEVJVF9TUkNfRElSIHVwCgo=",
            "vpc_security_group_ids": [
              "sg-05ca259e2108fbd84"
            ]
          },
          "sensitive_attributes": [],
          "private": "bnVsbA==",
          "dependencies": [
            "module.infrastructure.aws_s3_bucket.backup",
            "module.snipeit.aws_iam_instance_profile.snipeit",
            "module.snipeit.aws_iam_role.snipeit_role",
            "module.snipeit.aws_key_pair.snipeit",
            "module.snipeit.aws_security_group.snipeit",
            "module.snipeit.data.aws_ami.latest",
            "module.snipeit.data.aws_iam_policy_document.assume_role_policy",
            "module.snipeit.data.aws_vpc.default"
          ]
        }
      ]
    },
    {
      "module": "module.snipeit",
      "mode": "managed",
      "type": "aws_security_group",
      "name": "snipeit",
      "provider": "provider[\"registry.terraform.io/hashicorp/aws\"]",
      "instances": [
        {
          "schema_version": 1,
          "attributes": {
            "arn": "arn:aws:ec2:eu-west-1:521664736249:security-group/sg-05ca259e2108fbd84",
            "description": "Managed by Terraform",
            "egress": [
              {
                "cidr_blocks": [
                  "0.0.0.0/0"
                ],
                "description": "",
                "from_port": 0,
                "ipv6_cidr_blocks": [
                  "::/0"
                ],
                "prefix_list_ids": [],
                "protocol": "-1",
                "security_groups": [],
                "self": false,
                "to_port": 0
              }
            ],
            "id": "sg-05ca259e2108fbd84",
            "ingress": [
              {
                "cidr_blocks": [
                  "0.0.0.0/0"
                ],
                "description": "",
                "from_port": 22,
                "ipv6_cidr_blocks": [
                  "::/0"
                ],
                "prefix_list_ids": [],
                "protocol": "tcp",
                "security_groups": [],
                "self": false,
                "to_port": 22
              },
              {
                "cidr_blocks": [
                  "0.0.0.0/0"
                ],
                "description": "",
                "from_port": 443,
                "ipv6_cidr_blocks": [
                  "::/0"
                ],
                "prefix_list_ids": [],
                "protocol": "tcp",
                "security_groups": [],
                "self": false,
                "to_port": 443
              },
              {
                "cidr_blocks": [
                  "0.0.0.0/0"
                ],
                "description": "",
                "from_port": 80,
                "ipv6_cidr_blocks": [
                  "::/0"
                ],
                "prefix_list_ids": [],
                "protocol": "tcp",
                "security_groups": [],
                "self": false,
                "to_port": 80
              }
            ],
            "name": "snipeit-lb-sb",
            "name_prefix": "",
            "owner_id": "521664736249",
            "revoke_rules_on_delete": false,
            "tags": null,
            "tags_all": {
              "environment": "production",
              "project": "snipeit"
            },
            "timeouts": null,
            "vpc_id": "vpc-0f64ca4bbe65607d2"
          },
          "sensitive_attributes": [],
          "private": "eyJlMmJmYjczMC1lY2FhLTExZTYtOGY4OC0zNDM2M2JjN2M0YzAiOnsiY3JlYXRlIjo2MDAwMDAwMDAwMDAsImRlbGV0ZSI6OTAwMDAwMDAwMDAwfSwic2NoZW1hX3ZlcnNpb24iOiIxIn0=",
          "dependencies": [
            "module.snipeit.data.aws_vpc.default"
          ]
        }
      ]
    }
  ],
  "check_results": null
}
